
Microsoft Visual Studio Solution File, Format Version 12.00
# Visual Studio Version 17
VisualStudioVersion = 17.5.33516.290
MinimumVisualStudioVersion = 10.0.40219.1
Project("{9A19103F-16F7-4668-BE54-9A1E7A4F7556}") = "BlazorEcommerce.Server", "BlazorEcommerce\Server\BlazorEcommerce.Server.csproj", "{2A8816C6-DDFF-47CC-8F11-DDB579FA13E1}"
EndProject
Project("{9A19103F-16F7-4668-BE54-9A1E7A4F7556}") = "BlazorEcommerce.Client", "BlazorEcommerce\Client\BlazorEcommerce.Client.csproj", "{C99C85A7-6DB4-43CF-AF4D-5AAAF3C0D84A}"
EndProject
Project("{9A19103F-16F7-4668-BE54-9A1E7A4F7556}") = "BlazorEcommerce.Shared", "BlazorEcommerce\Shared\BlazorEcommerce.Shared.csproj", "{13F2AE6A-BB08-4562-B9FD-4D635FA9ADE9}"
EndProject
Project("{2150E333-8FDC-42A3-9474-1A3956D46DE8}") = "Notes", "Notes", "{08F8952C-D78E-4D2E-B96F-71CA80505476}"
	ProjectSection(SolutionItems) = preProject
		Notes.txt = Notes.txt
		..\..\Users\Si.Ramirez\Downloads\stripe_1.13.12_windows_x86_64.zip = ..\..\Users\Si.Ramirez\Downloads\stripe_1.13.12_windows_x86_64.zip
	EndProjectSection
EndProject
Global
	GlobalSection(SolutionConfigurationPlatforms) = preSolution
		Debug|Any CPU = Debug|Any CPU
		Release|Any CPU = Release|Any CPU
	EndGlobalSection
	GlobalSection(ProjectConfigurationPlatforms) = postSolution
		{2A8816C6-DDFF-47CC-8F11-DDB579FA13E1}.Debug|Any CPU.ActiveCfg = Debug|Any CPU
		{2A8816C6-DDFF-47CC-8F11-DDB579FA13E1}.Debug|Any CPU.Build.0 = Debug|Any CPU
		{2A8816C6-DDFF-47CC-8F11-DDB579FA13E1}.Release|Any CPU.ActiveCfg = Release|Any CPU
		{2A8816C6-DDFF-47CC-8F11-DDB579FA13E1}.Release|Any CPU.Build.0 = Release|Any CPU
		{C99C85A7-6DB4-43CF-AF4D-5AAAF3C0D84A}.Debug|Any CPU.ActiveCfg = Debug|Any CPU
		{C99C85A7-6DB4-43CF-AF4D-5AAAF3C0D84A}.Debug|Any CPU.Build.0 = Debug|Any CPU
		{C99C85A7-6DB4-43CF-AF4D-5AAAF3C0D84A}.Release|Any CPU.ActiveCfg = Release|Any CPU
		{C99C85A7-6DB4-43CF-AF4D-5AAAF3C0D84A}.Release|Any CPU.Build.0 = Release|Any CPU
		{13F2AE6A-BB08-4562-B9FD-4D635FA9ADE9}.Debug|Any CPU.ActiveCfg = Debug|Any CPU
		{13F2AE6A-BB08-4562-B9FD-4D635FA9ADE9}.Debug|Any CPU.Build.0 = Debug|Any CPU
		{13F2AE6A-BB08-4562-B9FD-4D635FA9ADE9}.Release|Any CPU.ActiveCfg = Release|Any CPU
		{13F2AE6A-BB08-4562-B9FD-4D635FA9ADE9}.Release|Any CPU.Build.0 = Release|Any CPU
	EndGlobalSection
	GlobalSection(SolutionProperties) = preSolution
		HideSolutionNode = FALSE
	EndGlobalSection
	GlobalSection(ExtensibilityGlobals) = postSolution
		SolutionGuid = {696F5B9E-DCE7-45B3-AFFC-9235345E5796}
	EndGlobalSection
EndGlobal
